// !$*UTF8*$!
{
	archiveVersion = 1;
	classes = {
	};
	objectVersion = 77;
	objects = {

/* Begin PBXBuildFile section */
		1F1B2FF52DA3B3AB003F298D /* RxCocoa in Frameworks */ = {isa = PBXBuildFile; productRef = 1F1B2FF42DA3B3AB003F298D /* RxCocoa */; };
		1F1B30112DA3CAAE003F298D /* Alamofire in Frameworks */ = {isa = PBXBuildFile; productRef = 1F1B30102DA3CAAE003F298D /* Alamofire */; };
		1F9D2F892DA570CF00273B09 /* Frostflake in Frameworks */ = {isa = PBXBuildFile; productRef = 1F9D2F882DA570CF00273B09 /* Frostflake */; };
		1FD8C8D62DA27E59009F6BCB /* SnapKit in Frameworks */ = {isa = PBXBuildFile; productRef = 1FD8C8D52DA27E59009F6BCB /* SnapKit */; };
/* End PBXBuildFile section */

/* Begin PBXFileReference section */
		1FD8C8BD2DA258F3009F6BCB /* ProcessReporter_DEV.app */ = {isa = PBXFileReference; explicitFileType = wrapper.application; includeInIndex = 0; path = ProcessReporter_DEV.app; sourceTree = BUILT_PRODUCTS_DIR; };
/* End PBXFileReference section */

/* Begin PBXFileSystemSynchronizedBuildFileExceptionSet section */
		1F1B30132DA3CACF003F298D /* Exceptions for "ProcessReporter" folder in "ProcessReporter" target */ = {
			isa = PBXFileSystemSynchronizedBuildFileExceptionSet;
			membershipExceptions = (
				Info.plist,
			);
			target = 1FD8C8BC2DA258F3009F6BCB /* ProcessReporter */;
		};
/* End PBXFileSystemSynchronizedBuildFileExceptionSet section */

/* Begin PBXFileSystemSynchronizedRootGroup section */
		1FD8C8BF2DA258F3009F6BCB /* ProcessReporter */ = {
			isa = PBXFileSystemSynchronizedRootGroup;
			exceptions = (
				1F1B30132DA3CACF003F298D /* Exceptions for "ProcessReporter" folder in "ProcessReporter" target */,
			);
			path = ProcessReporter;
			sourceTree = "<group>";
		};
/* End PBXFileSystemSynchronizedRootGroup section */

/* Begin PBXFrameworksBuildPhase section */
		1FD8C8BA2DA258F3009F6BCB /* Frameworks */ = {
			isa = PBXFrameworksBuildPhase;
			buildActionMask = 2147483647;
			files = (
				1F1B30112DA3CAAE003F298D /* Alamofire in Frameworks */,
				1F1B2FF52DA3B3AB003F298D /* RxCocoa in Frameworks */,
				1FD8C8D62DA27E59009F6BCB /* SnapKit in Frameworks */,
				1F9D2F892DA570CF00273B09 /* Frostflake in Frameworks */,
			);
			runOnlyForDeploymentPostprocessing = 0;
		};
/* End PBXFrameworksBuildPhase section */

/* Begin PBXGroup section */
		1FD8C8B42DA258F3009F6BCB = {
			isa = PBXGroup;
			children = (
				1FD8C8BF2DA258F3009F6BCB /* ProcessReporter */,
				1FD8C8BE2DA258F3009F6BCB /* Products */,
			);
			sourceTree = "<group>";
		};
		1FD8C8BE2DA258F3009F6BCB /* Products */ = {
			isa = PBXGroup;
			children = (
				1FD8C8BD2DA258F3009F6BCB /* ProcessReporter_DEV.app */,
			);
			name = Products;
			sourceTree = "<group>";
		};
/* End PBXGroup section */

/* Begin PBXNativeTarget section */
		1FD8C8BC2DA258F3009F6BCB /* ProcessReporter */ = {
			isa = PBXNativeTarget;
			buildConfigurationList = 1FD8C8CC2DA258F4009F6BCB /* Build configuration list for PBXNativeTarget "ProcessReporter" */;
			buildPhases = (
				1FD8C8B92DA258F3009F6BCB /* Sources */,
				1FD8C8BA2DA258F3009F6BCB /* Frameworks */,
				1FD8C8BB2DA258F3009F6BCB /* Resources */,
			);
			buildRules = (
			);
			dependencies = (
			);
			fileSystemSynchronizedGroups = (
				1FD8C8BF2DA258F3009F6BCB /* ProcessReporter */,
			);
			name = ProcessReporter;
			packageProductDependencies = (
				1FD8C8D52DA27E59009F6BCB /* SnapKit */,
				1F1B2FF42DA3B3AB003F298D /* RxCocoa */,
				1F1B30102DA3CAAE003F298D /* Alamofire */,
				1F9D2F882DA570CF00273B09 /* Frostflake */,
			);
			productName = ProcessReporter;
			productReference = 1FD8C8BD2DA258F3009F6BCB /* ProcessReporter_DEV.app */;
			productType = "com.apple.product-type.application";
		};
/* End PBXNativeTarget section */

/* Begin PBXProject section */
		1FD8C8B52DA258F3009F6BCB /* Project object */ = {
			isa = PBXProject;
			attributes = {
				BuildIndependentTargetsInParallel = 1;
				LastSwiftUpdateCheck = 1620;
				LastUpgradeCheck = 1620;
				TargetAttributes = {
					1FD8C8BC2DA258F3009F6BCB = {
						CreatedOnToolsVersion = 16.2;
					};
				};
			};
			buildConfigurationList = 1FD8C8B82DA258F3009F6BCB /* Build configuration list for PBXProject "ProcessReporter" */;
			developmentRegion = en;
			hasScannedForEncodings = 0;
			knownRegions = (
				en,
				Base,
			);
			mainGroup = 1FD8C8B42DA258F3009F6BCB;
			minimizedProjectReferenceProxies = 1;
			packageReferences = (
				1FD8C8D42DA27E59009F6BCB /* XCRemoteSwiftPackageReference "SnapKit" */,
				1F1B2FF32DA3B3AB003F298D /* XCRemoteSwiftPackageReference "RxSwift" */,
				1F1B300F2DA3CAAE003F298D /* XCRemoteSwiftPackageReference "Alamofire" */,
				1F9D2F872DA570CF00273B09 /* XCRemoteSwiftPackageReference "package-frostflake" */,
			);
			preferredProjectObjectVersion = 77;
			productRefGroup = 1FD8C8BE2DA258F3009F6BCB /* Products */;
			projectDirPath = "";
			projectRoot = "";
			targets = (
				1FD8C8BC2DA258F3009F6BCB /* ProcessReporter */,
			);
		};
/* End PBXProject section */

/* Begin PBXResourcesBuildPhase section */
		1FD8C8BB2DA258F3009F6BCB /* Resources */ = {
			isa = PBXResourcesBuildPhase;
			buildActionMask = 2147483647;
			files = (
			);
			runOnlyForDeploymentPostprocessing = 0;
		};
/* End PBXResourcesBuildPhase section */

/* Begin PBXSourcesBuildPhase section */
		1FD8C8B92DA258F3009F6BCB /* Sources */ = {
			isa = PBXSourcesBuildPhase;
			buildActionMask = 2147483647;
			files = (
			);
			runOnlyForDeploymentPostprocessing = 0;
		};
/* End PBXSourcesBuildPhase section */

/* Begin XCBuildConfiguration section */
		1FD8C8CA2DA258F4009F6BCB /* Debug */ = {
			isa = XCBuildConfiguration;
			buildSettings = {
				ALWAYS_SEARCH_USER_PATHS = NO;
				ASSETCATALOG_COMPILER_GENERATE_SWIFT_ASSET_SYMBOL_EXTENSIONS = YES;
				CLANG_ANALYZER_NONNULL = YES;
				CLANG_ANALYZER_NUMBER_OBJECT_CONVERSION = YES_AGGRESSIVE;
				CLANG_CXX_LANGUAGE_STANDARD = "gnu++20";
				CLANG_ENABLE_MODULES = YES;
				CLANG_ENABLE_OBJC_ARC = YES;
				CLANG_ENABLE_OBJC_WEAK = YES;
				CLANG_WARN_BLOCK_CAPTURE_AUTORELEASING = YES;
				CLANG_WARN_BOOL_CONVERSION = YES;
				CLANG_WARN_COMMA = YES;
				CLANG_WARN_CONSTANT_CONVERSION = YES;
				CLANG_WARN_DEPRECATED_OBJC_IMPLEMENTATIONS = YES;
				CLANG_WARN_DIRECT_OBJC_ISA_USAGE = YES_ERROR;
				CLANG_WARN_DOCUMENTATION_COMMENTS = YES;
				CLANG_WARN_EMPTY_BODY = YES;
				CLANG_WARN_ENUM_CONVERSION = YES;
				CLANG_WARN_INFINITE_RECURSION = YES;
				CLANG_WARN_INT_CONVERSION = YES;
				CLANG_WARN_NON_LITERAL_NULL_CONVERSION = YES;
				CLANG_WARN_OBJC_IMPLICIT_RETAIN_SELF = YES;
				CLANG_WARN_OBJC_LITERAL_CONVERSION = YES;
				CLANG_WARN_OBJC_ROOT_CLASS = YES_ERROR;
				CLANG_WARN_QUOTED_INCLUDE_IN_FRAMEWORK_HEADER = YES;
				CLANG_WARN_RANGE_LOOP_ANALYSIS = YES;
				CLANG_WARN_STRICT_PROTOTYPES = YES;
				CLANG_WARN_SUSPICIOUS_MOVE = YES;
				CLANG_WARN_UNGUARDED_AVAILABILITY = YES_AGGRESSIVE;
				CLANG_WARN_UNREACHABLE_CODE = YES;
				CLANG_WARN__DUPLICATE_METHOD_MATCH = YES;
				COPY_PHASE_STRIP = NO;
				DEBUG_INFORMATION_FORMAT = dwarf;
				ENABLE_STRICT_OBJC_MSGSEND = YES;
				ENABLE_TESTABILITY = YES;
				ENABLE_USER_SCRIPT_SANDBOXING = YES;
				GCC_C_LANGUAGE_STANDARD = gnu17;
				GCC_DYNAMIC_NO_PIC = NO;
				GCC_NO_COMMON_BLOCKS = YES;
				GCC_OPTIMIZATION_LEVEL = 0;
				GCC_PREPROCESSOR_DEFINITIONS = (
					"DEBUG=1",
					"$(inherited)",
				);
				GCC_WARN_64_TO_32_BIT_CONVERSION = YES;
				GCC_WARN_ABOUT_RETURN_TYPE = YES_ERROR;
				GCC_WARN_UNDECLARED_SELECTOR = YES;
				GCC_WARN_UNINITIALIZED_AUTOS = YES_AGGRESSIVE;
				GCC_WARN_UNUSED_FUNCTION = YES;
				GCC_WARN_UNUSED_VARIABLE = YES;
				LOCALIZATION_PREFERS_STRING_CATALOGS = YES;
				MACOSX_DEPLOYMENT_TARGET = 15.2;
				MTL_ENABLE_DEBUG_INFO = INCLUDE_SOURCE;
				MTL_FAST_MATH = YES;
				ONLY_ACTIVE_ARCH = YES;
				SDKROOT = macosx;
				SWIFT_ACTIVE_COMPILATION_CONDITIONS = "DEBUG $(inherited)";
				SWIFT_OPTIMIZATION_LEVEL = "-Onone";
			};
			name = Debug;
		};
		1FD8C8CB2DA258F4009F6BCB /* Release */ = {
			isa = XCBuildConfiguration;
			buildSettings = {
				ALWAYS_SEARCH_USER_PATHS = NO;
				ASSETCATALOG_COMPILER_GENERATE_SWIFT_ASSET_SYMBOL_EXTENSIONS = YES;
				CLANG_ANALYZER_NONNULL = YES;
				CLANG_ANALYZER_NUMBER_OBJECT_CONVERSION = YES_AGGRESSIVE;
				CLANG_CXX_LANGUAGE_STANDARD = "gnu++20";
				CLANG_ENABLE_MODULES = YES;
				CLANG_ENABLE_OBJC_ARC = YES;
				CLANG_ENABLE_OBJC_WEAK = YES;
				CLANG_WARN_BLOCK_CAPTURE_AUTORELEASING = YES;
				CLANG_WARN_BOOL_CONVERSION = YES;
				CLANG_WARN_COMMA = YES;
				CLANG_WARN_CONSTANT_CONVERSION = YES;
				CLANG_WARN_DEPRECATED_OBJC_IMPLEMENTATIONS = YES;
				CLANG_WARN_DIRECT_OBJC_ISA_USAGE = YES_ERROR;
				CLANG_WARN_DOCUMENTATION_COMMENTS = YES;
				CLANG_WARN_EMPTY_BODY = YES;
				CLANG_WARN_ENUM_CONVERSION = YES;
				CLANG_WARN_INFINITE_RECURSION = YES;
				CLANG_WARN_INT_CONVERSION = YES;
				CLANG_WARN_NON_LITERAL_NULL_CONVERSION = YES;
				CLANG_WARN_OBJC_IMPLICIT_RETAIN_SELF = YES;
				CLANG_WARN_OBJC_LITERAL_CONVERSION = YES;
				CLANG_WARN_OBJC_ROOT_CLASS = YES_ERROR;
				CLANG_WARN_QUOTED_INCLUDE_IN_FRAMEWORK_HEADER = YES;
				CLANG_WARN_RANGE_LOOP_ANALYSIS = YES;
				CLANG_WARN_STRICT_PROTOTYPES = YES;
				CLANG_WARN_SUSPICIOUS_MOVE = YES;
				CLANG_WARN_UNGUARDED_AVAILABILITY = YES_AGGRESSIVE;
				CLANG_WARN_UNREACHABLE_CODE = YES;
				CLANG_WARN__DUPLICATE_METHOD_MATCH = YES;
				COPY_PHASE_STRIP = NO;
				DEBUG_INFORMATION_FORMAT = "dwarf-with-dsym";
				ENABLE_NS_ASSERTIONS = NO;
				ENABLE_STRICT_OBJC_MSGSEND = YES;
				ENABLE_USER_SCRIPT_SANDBOXING = YES;
				GCC_C_LANGUAGE_STANDARD = gnu17;
				GCC_NO_COMMON_BLOCKS = YES;
				GCC_WARN_64_TO_32_BIT_CONVERSION = YES;
				GCC_WARN_ABOUT_RETURN_TYPE = YES_ERROR;
				GCC_WARN_UNDECLARED_SELECTOR = YES;
				GCC_WARN_UNINITIALIZED_AUTOS = YES_AGGRESSIVE;
				GCC_WARN_UNUSED_FUNCTION = YES;
				GCC_WARN_UNUSED_VARIABLE = YES;
				LOCALIZATION_PREFERS_STRING_CATALOGS = YES;
				MACOSX_DEPLOYMENT_TARGET = 15.2;
				MTL_ENABLE_DEBUG_INFO = NO;
				MTL_FAST_MATH = YES;
				SDKROOT = macosx;
				SWIFT_COMPILATION_MODE = wholemodule;
			};
			name = Release;
		};
		1FD8C8CD2DA258F4009F6BCB /* Debug */ = {
			isa = XCBuildConfiguration;
			buildSettings = {
				ASSETCATALOG_COMPILER_APPICON_NAME = AppIcon;
				ASSETCATALOG_COMPILER_GLOBAL_ACCENT_COLOR_NAME = AccentColor;
				CODE_SIGN_ENTITLEMENTS = ProcessReporter/ProcessReporter.entitlements;
				CODE_SIGN_STYLE = Automatic;
				COMBINE_HIDPI_IMAGES = YES;
				CURRENT_PROJECT_VERSION = 1;
				DEVELOPMENT_TEAM = 7VYQTBFBS5;
				ENABLE_HARDENED_RUNTIME = YES;
				GENERATE_INFOPLIST_FILE = YES;
				INFOPLIST_FILE = ProcessReporter/Info.plist;
				INFOPLIST_KEY_LSApplicationCategoryType = "public.app-category.utilities";
				INFOPLIST_KEY_LSBackgroundOnly = YES;
				INFOPLIST_KEY_LSUIElement = YES;
				INFOPLIST_KEY_NSHumanReadableCopyright = "";
				INFOPLIST_KEY_NSPrincipalClass = NSApplication;
				LD_RUNPATH_SEARCH_PATHS = (
					"$(inherited)",
					"@executable_path/../Frameworks",
				);
				MACOSX_DEPLOYMENT_TARGET = 15.0;
				MARKETING_VERSION = 0.1;
				PRODUCT_BUNDLE_IDENTIFIER = dev.innei.ProcessReporterV2;
				PRODUCT_NAME = "$(TARGET_NAME)_DEV";
				SWIFT_EMIT_LOC_STRINGS = YES;
				SWIFT_OBJC_BRIDGING_HEADER = "ProcessReporter/ProcessReporter-Bridging-Header.h";
				SWIFT_VERSION = 5.0;
			};
			name = Debug;
		};
		1FD8C8CE2DA258F4009F6BCB /* Release */ = {
			isa = XCBuildConfiguration;
			buildSettings = {
				ASSETCATALOG_COMPILER_APPICON_NAME = AppIcon;
				ASSETCATALOG_COMPILER_GLOBAL_ACCENT_COLOR_NAME = AccentColor;
				CODE_SIGN_ENTITLEMENTS = ProcessReporter/ProcessReporter.entitlements;
				CODE_SIGN_STYLE = Automatic;
				COMBINE_HIDPI_IMAGES = YES;
				CURRENT_PROJECT_VERSION = 1;
				DEVELOPMENT_TEAM = 7VYQTBFBS5;
				ENABLE_HARDENED_RUNTIME = YES;
				GENERATE_INFOPLIST_FILE = YES;
				INFOPLIST_FILE = ProcessReporter/Info.plist;
				INFOPLIST_KEY_LSApplicationCategoryType = "public.app-category.utilities";
				INFOPLIST_KEY_LSBackgroundOnly = YES;
				INFOPLIST_KEY_LSUIElement = YES;
				INFOPLIST_KEY_NSHumanReadableCopyright = "";
				INFOPLIST_KEY_NSPrincipalClass = NSApplication;
				LD_RUNPATH_SEARCH_PATHS = (
					"$(inherited)",
					"@executable_path/../Frameworks",
				);
				MACOSX_DEPLOYMENT_TARGET = 15.0;
				MARKETING_VERSION = 0.1;
				PRODUCT_BUNDLE_IDENTIFIER = dev.innei.ProcessReporterV2;
				PRODUCT_NAME = "$(TARGET_NAME)";
				SWIFT_EMIT_LOC_STRINGS = YES;
				SWIFT_OBJC_BRIDGING_HEADER = "ProcessReporter/ProcessReporter-Bridging-Header.h";
				SWIFT_VERSION = 5.0;
			};
			name = Release;
		};
/* End XCBuildConfiguration section */

/* Begin XCConfigurationList section */
		1FD8C8B82DA258F3009F6BCB /* Build configuration list for PBXProject "ProcessReporter" */ = {
			isa = XCConfigurationList;
			buildConfigurations = (
				1FD8C8CA2DA258F4009F6BCB /* Debug */,
				1FD8C8CB2DA258F4009F6BCB /* Release */,
			);
			defaultConfigurationIsVisible = 0;
			defaultConfigurationName = Release;
		};
		1FD8C8CC2DA258F4009F6BCB /* Build configuration list for PBXNativeTarget "ProcessReporter" */ = {
			isa = XCConfigurationList;
			buildConfigurations = (
				1FD8C8CD2DA258F4009F6BCB /* Debug */,
				1FD8C8CE2DA258F4009F6BCB /* Release */,
			);
			defaultConfigurationIsVisible = 0;
			defaultConfigurationName = Release;
		};
/* End XCConfigurationList section */

/* Begin XCRemoteSwiftPackageReference section */
		1F1B2FF32DA3B3AB003F298D /* XCRemoteSwiftPackageReference "RxSwift" */ = {
			isa = XCRemoteSwiftPackageReference;
			repositoryURL = "https://github.com/ReactiveX/RxSwift";
			requirement = {
				kind = upToNextMajorVersion;
				minimumVersion = 6.9.0;
			};
		};
		1F1B300F2DA3CAAE003F298D /* XCRemoteSwiftPackageReference "Alamofire" */ = {
			isa = XCRemoteSwiftPackageReference;
			repositoryURL = "https://github.com/Alamofire/Alamofire";
			requirement = {
				kind = upToNextMajorVersion;
				minimumVersion = 5.10.2;
			};
		};
		1F9D2F872DA570CF00273B09 /* XCRemoteSwiftPackageReference "package-frostflake" */ = {
			isa = XCRemoteSwiftPackageReference;
			repositoryURL = "https://github.com/ordo-one/package-frostflake";
			requirement = {
				kind = upToNextMajorVersion;
				minimumVersion = 6.0.0;
			};
		};
		1FD8C8D42DA27E59009F6BCB /* XCRemoteSwiftPackageReference "SnapKit" */ = {
			isa = XCRemoteSwiftPackageReference;
			repositoryURL = "https://github.com/SnapKit/SnapKit";
			requirement = {
				kind = upToNextMajorVersion;
				minimumVersion = 5.7.1;
			};
		};
/* End XCRemoteSwiftPackageReference section */

/* Begin XCSwiftPackageProductDependency section */
		1F1B2FF42DA3B3AB003F298D /* RxCocoa */ = {
			isa = XCSwiftPackageProductDependency;
			package = 1F1B2FF32DA3B3AB003F298D /* XCRemoteSwiftPackageReference "RxSwift" */;
			productName = RxCocoa;
		};
		1F1B30102DA3CAAE003F298D /* Alamofire */ = {
			isa = XCSwiftPackageProductDependency;
			package = 1F1B300F2DA3CAAE003F298D /* XCRemoteSwiftPackageReference "Alamofire" */;
			productName = Alamofire;
		};
		1F9D2F882DA570CF00273B09 /* Frostflake */ = {
			isa = XCSwiftPackageProductDependency;
			package = 1F9D2F872DA570CF00273B09 /* XCRemoteSwiftPackageReference "package-frostflake" */;
			productName = Frostflake;
		};
		1FD8C8D52DA27E59009F6BCB /* SnapKit */ = {
			isa = XCSwiftPackageProductDependency;
			package = 1FD8C8D42DA27E59009F6BCB /* XCRemoteSwiftPackageReference "SnapKit" */;
			productName = SnapKit;
		};
/* End XCSwiftPackageProductDependency section */
	};
	rootObject = 1FD8C8B52DA258F3009F6BCB /* Project object */;
}
